
Microsoft Visual Studio Solution File, Format Version 12.00
# Visual Studio Version 17
VisualStudioVersion = 17.5.33530.505
MinimumVisualStudioVersion = 10.0.40219.1
Project("{9A19103F-16F7-4668-BE54-9A1E7A4F7556}") = "OCPPSharp", "OCPPSharp\OCPPSharp.csproj", "{205FCCA2-1CDA-4369-B4B8-2721D083CE1F}"
EndProject
Project("{9A19103F-16F7-4668-BE54-9A1E7A4F7556}") = "OCPPSharp.Sample", "OCPPSharp.Sample\OCPPSharp.Sample.csproj", "{2CB52447-25B3-48BD-B16C-1C6FA6C0EAA1}"
EndProject
Global
	GlobalSection(SolutionConfigurationPlatforms) = preSolution
		Debug|Any CPU = Debug|Any CPU
		Release|Any CPU = Release|Any CPU
	EndGlobalSection
	GlobalSection(ProjectConfigurationPlatforms) = postSolution
		{205FCCA2-1CDA-4369-B4B8-2721D083CE1F}.Debug|Any CPU.ActiveCfg = Debug|Any CPU
		{205FCCA2-1CDA-4369-B4B8-2721D083CE1F}.Debug|Any CPU.Build.0 = Debug|Any CPU
		{205FCCA2-1CDA-4369-B4B8-2721D083CE1F}.Release|Any CPU.ActiveCfg = Release|Any CPU
		{205FCCA2-1CDA-4369-B4B8-2721D083CE1F}.Release|Any CPU.Build.0 = Release|Any CPU
		{2CB52447-25B3-48BD-B16C-1C6FA6C0EAA1}.Debug|Any CPU.ActiveCfg = Debug|Any CPU
		{2CB52447-25B3-48BD-B16C-1C6FA6C0EAA1}.Debug|Any CPU.Build.0 = Debug|Any CPU
		{2CB52447-25B3-48BD-B16C-1C6FA6C0EAA1}.Release|Any CPU.ActiveCfg = Release|Any CPU
		{2CB52447-25B3-48BD-B16C-1C6FA6C0EAA1}.Release|Any CPU.Build.0 = Release|Any CPU
	EndGlobalSection
	GlobalSection(SolutionProperties) = preSolution
		HideSolutionNode = FALSE
	EndGlobalSection
	GlobalSection(ExtensibilityGlobals) = postSolution
		SolutionGuid = {5FC367AB-CDE6-4186-A3E1-1266FCADC0EB}
	EndGlobalSection
EndGlobal
